// !$*UTF8*$!
{
	archiveVersion = 1;
	classes = {
	};
	objectVersion = 55;
	objects = {

/* Begin PBXBuildFile section */
		65971C7528785F6D00C7052C /* SONMemo.xcdatamodeld in Sources */ = {isa = PBXBuildFile; fileRef = 65971C6228785F6900C7052C /* SONMemo.xcdatamodeld */; };
		65971C7628785F6D00C7052C /* SONMemo.xcdatamodeld in Sources */ = {isa = PBXBuildFile; fileRef = 65971C6228785F6900C7052C /* SONMemo.xcdatamodeld */; };
		65971C7728785F6D00C7052C /* SONMemoApp.swift in Sources */ = {isa = PBXBuildFile; fileRef = 65971C6428785F6900C7052C /* SONMemoApp.swift */; };
		65971C7828785F6D00C7052C /* SONMemoApp.swift in Sources */ = {isa = PBXBuildFile; fileRef = 65971C6428785F6900C7052C /* SONMemoApp.swift */; };
		65971C7928785F6D00C7052C /* ContentView.swift in Sources */ = {isa = PBXBuildFile; fileRef = 65971C6528785F6900C7052C /* ContentView.swift */; };
		65971C7A28785F6D00C7052C /* ContentView.swift in Sources */ = {isa = PBXBuildFile; fileRef = 65971C6528785F6900C7052C /* ContentView.swift */; };
		65971C7B28785F6D00C7052C /* Persistence.swift in Sources */ = {isa = PBXBuildFile; fileRef = 65971C6628785F6900C7052C /* Persistence.swift */; };
		65971C7C28785F6D00C7052C /* Persistence.swift in Sources */ = {isa = PBXBuildFile; fileRef = 65971C6628785F6900C7052C /* Persistence.swift */; };
		65971C7D28785F6D00C7052C /* Assets.xcassets in Resources */ = {isa = PBXBuildFile; fileRef = 65971C6728785F6D00C7052C /* Assets.xcassets */; };
		65971C7E28785F6D00C7052C /* Assets.xcassets in Resources */ = {isa = PBXBuildFile; fileRef = 65971C6728785F6D00C7052C /* Assets.xcassets */; };
/* End PBXBuildFile section */

/* Begin PBXFileReference section */
		65971C6328785F6900C7052C /* Shared.xcdatamodel */ = {isa = PBXFileReference; lastKnownFileType = wrapper.xcdatamodel; path = Shared.xcdatamodel; sourceTree = "<group>"; };
		65971C6428785F6900C7052C /* SONMemoApp.swift */ = {isa = PBXFileReference; lastKnownFileType = sourcecode.swift; path = SONMemoApp.swift; sourceTree = "<group>"; };
		65971C6528785F6900C7052C /* ContentView.swift */ = {isa = PBXFileReference; lastKnownFileType = sourcecode.swift; path = ContentView.swift; sourceTree = "<group>"; };
		65971C6628785F6900C7052C /* Persistence.swift */ = {isa = PBXFileReference; lastKnownFileType = sourcecode.swift; path = Persistence.swift; sourceTree = "<group>"; };
		65971C6728785F6D00C7052C /* Assets.xcassets */ = {isa = PBXFileReference; lastKnownFileType = folder.assetcatalog; path = Assets.xcassets; sourceTree = "<group>"; };
		65971C6C28785F6D00C7052C /* SONMemo.app */ = {isa = PBXFileReference; explicitFileType = wrapper.application; includeInIndex = 0; path = SONMemo.app; sourceTree = BUILT_PRODUCTS_DIR; };
		65971C7228785F6D00C7052C /* SONMemo.app */ = {isa = PBXFileReference; explicitFileType = wrapper.application; includeInIndex = 0; path = SONMemo.app; sourceTree = BUILT_PRODUCTS_DIR; };
		65971C7428785F6D00C7052C /* macOS.entitlements */ = {isa = PBXFileReference; lastKnownFileType = text.plist.entitlements; path = macOS.entitlements; sourceTree = "<group>"; };
/* End PBXFileReference section */

/* Begin PBXFrameworksBuildPhase section */
		65971C6928785F6D00C7052C /* Frameworks */ = {
			isa = PBXFrameworksBuildPhase;
			buildActionMask = 2147483647;
			files = (
			);
			runOnlyForDeploymentPostprocessing = 0;
		};
		65971C6F28785F6D00C7052C /* Frameworks */ = {
			isa = PBXFrameworksBuildPhase;
			buildActionMask = 2147483647;
			files = (
			);
			runOnlyForDeploymentPostprocessing = 0;
		};
/* End PBXFrameworksBuildPhase section */

/* Begin PBXGroup section */
		65971C5C28785F6900C7052C = {
			isa = PBXGroup;
			children = (
				65971C6128785F6900C7052C /* Shared */,
				65971C7328785F6D00C7052C /* macOS */,
				65971C6D28785F6D00C7052C /* Products */,
			);
			sourceTree = "<group>";
		};
		65971C6128785F6900C7052C /* Shared */ = {
			isa = PBXGroup;
			children = (
				65971C6428785F6900C7052C /* SONMemoApp.swift */,
				65971C6528785F6900C7052C /* ContentView.swift */,
				65971C6628785F6900C7052C /* Persistence.swift */,
				65971C6728785F6D00C7052C /* Assets.xcassets */,
				65971C6228785F6900C7052C /* SONMemo.xcdatamodeld */,
			);
			path = Shared;
			sourceTree = "<group>";
		};
		65971C6D28785F6D00C7052C /* Products */ = {
			isa = PBXGroup;
			children = (
				65971C6C28785F6D00C7052C /* SONMemo.app */,
				65971C7228785F6D00C7052C /* SONMemo.app */,
			);
			name = Products;
			sourceTree = "<group>";
		};
		65971C7328785F6D00C7052C /* macOS */ = {
			isa = PBXGroup;
			children = (
				65971C7428785F6D00C7052C /* macOS.entitlements */,
			);
			path = macOS;
			sourceTree = "<group>";
		};
/* End PBXGroup section */

/* Begin PBXNativeTarget section */
		65971C6B28785F6D00C7052C /* SONMemo (iOS) */ = {
			isa = PBXNativeTarget;
			buildConfigurationList = 65971C8128785F6D00C7052C /* Build configuration list for PBXNativeTarget "SONMemo (iOS)" */;
			buildPhases = (
				65971C6828785F6D00C7052C /* Sources */,
				65971C6928785F6D00C7052C /* Frameworks */,
				65971C6A28785F6D00C7052C /* Resources */,
			);
			buildRules = (
			);
			dependencies = (
			);
			name = "SONMemo (iOS)";
			productName = "SONMemo (iOS)";
			productReference = 65971C6C28785F6D00C7052C /* SONMemo.app */;
			productType = "com.apple.product-type.application";
		};
		65971C7128785F6D00C7052C /* SONMemo (macOS) */ = {
			isa = PBXNativeTarget;
			buildConfigurationList = 65971C8428785F6D00C7052C /* Build configuration list for PBXNativeTarget "SONMemo (macOS)" */;
			buildPhases = (
				65971C6E28785F6D00C7052C /* Sources */,
				65971C6F28785F6D00C7052C /* Frameworks */,
				65971C7028785F6D00C7052C /* Resources */,
			);
			buildRules = (
			);
			dependencies = (
			);
			name = "SONMemo (macOS)";
			productName = "SONMemo (macOS)";
			productReference = 65971C7228785F6D00C7052C /* SONMemo.app */;
			productType = "com.apple.product-type.application";
		};
/* End PBXNativeTarget section */

/* Begin PBXProject section */
		65971C5D28785F6900C7052C /* Project object */ = {
			isa = PBXProject;
			attributes = {
				BuildIndependentTargetsInParallel = 1;
				LastSwiftUpdateCheck = 1330;
				LastUpgradeCheck = 1330;
				TargetAttributes = {
					65971C6B28785F6D00C7052C = {
						CreatedOnToolsVersion = 13.3.1;
					};
					65971C7128785F6D00C7052C = {
						CreatedOnToolsVersion = 13.3.1;
					};
				};
			};
			buildConfigurationList = 65971C6028785F6900C7052C /* Build configuration list for PBXProject "SONMemo" */;
			compatibilityVersion = "Xcode 13.0";
			developmentRegion = en;
			hasScannedForEncodings = 0;
			knownRegions = (
				en,
				Base,
			);
			mainGroup = 65971C5C28785F6900C7052C;
			productRefGroup = 65971C6D28785F6D00C7052C /* Products */;
			projectDirPath = "";
			projectRoot = "";
			targets = (
				65971C6B28785F6D00C7052C /* SONMemo (iOS) */,
				65971C7128785F6D00C7052C /* SONMemo (macOS) */,
			);
		};
/* End PBXProject section */

/* Begin PBXResourcesBuildPhase section */
		65971C6A28785F6D00C7052C /* Resources */ = {
			isa = PBXResourcesBuildPhase;
			buildActionMask = 2147483647;
			files = (
				65971C7D28785F6D00C7052C /* Assets.xcassets in Resources */,
			);
			runOnlyForDeploymentPostprocessing = 0;
		};
		65971C7028785F6D00C7052C /* Resources */ = {
			isa = PBXResourcesBuildPhase;
			buildActionMask = 2147483647;
			files = (
				65971C7E28785F6D00C7052C /* Assets.xcassets in Resources */,
			);
			runOnlyForDeploymentPostprocessing = 0;
		};
/* End PBXResourcesBuildPhase section */

/* Begin PBXSourcesBuildPhase section */
		65971C6828785F6D00C7052C /* Sources */ = {
			isa = PBXSourcesBuildPhase;
			buildActionMask = 2147483647;
			files = (
				65971C7728785F6D00C7052C /* SONMemoApp.swift in Sources */,
				65971C7B28785F6D00C7052C /* Persistence.swift in Sources */,
				65971C7528785F6D00C7052C /* SONMemo.xcdatamodeld in Sources */,
				65971C7928785F6D00C7052C /* ContentView.swift in Sources */,
			);
			runOnlyForDeploymentPostprocessing = 0;
		};
		65971C6E28785F6D00C7052C /* Sources */ = {
			isa = PBXSourcesBuildPhase;
			buildActionMask = 2147483647;
			files = (
				65971C7828785F6D00C7052C /* SONMemoApp.swift in Sources */,
				65971C7C28785F6D00C7052C /* Persistence.swift in Sources */,
				65971C7628785F6D00C7052C /* SONMemo.xcdatamodeld in Sources */,
				65971C7A28785F6D00C7052C /* ContentView.swift in Sources */,
			);
			runOnlyForDeploymentPostprocessing = 0;
		};
/* End PBXSourcesBuildPhase section */

/* Begin XCBuildConfiguration section */
		65971C7F28785F6D00C7052C /* Debug */ = {
			isa = XCBuildConfiguration;
			buildSettings = {
				ALWAYS_SEARCH_USER_PATHS = NO;
				CLANG_ANALYZER_NONNULL = YES;
				CLANG_ANALYZER_NUMBER_OBJECT_CONVERSION = YES_AGGRESSIVE;
				CLANG_CXX_LANGUAGE_STANDARD = "gnu++17";
				CLANG_ENABLE_MODULES = YES;
				CLANG_ENABLE_OBJC_ARC = YES;
				CLANG_ENABLE_OBJC_WEAK = YES;
				CLANG_WARN_BLOCK_CAPTURE_AUTORELEASING = YES;
				CLANG_WARN_BOOL_CONVERSION = YES;
				CLANG_WARN_COMMA = YES;
				CLANG_WARN_CONSTANT_CONVERSION = YES;
				CLANG_WARN_DEPRECATED_OBJC_IMPLEMENTATIONS = YES;
				CLANG_WARN_DIRECT_OBJC_ISA_USAGE = YES_ERROR;
				CLANG_WARN_DOCUMENTATION_COMMENTS = YES;
				CLANG_WARN_EMPTY_BODY = YES;
				CLANG_WARN_ENUM_CONVERSION = YES;
				CLANG_WARN_INFINITE_RECURSION = YES;
				CLANG_WARN_INT_CONVERSION = YES;
				CLANG_WARN_NON_LITERAL_NULL_CONVERSION = YES;
				CLANG_WARN_OBJC_IMPLICIT_RETAIN_SELF = YES;
				CLANG_WARN_OBJC_LITERAL_CONVERSION = YES;
				CLANG_WARN_OBJC_ROOT_CLASS = YES_ERROR;
				CLANG_WARN_QUOTED_INCLUDE_IN_FRAMEWORK_HEADER = YES;
				CLANG_WARN_RANGE_LOOP_ANALYSIS = YES;
				CLANG_WARN_STRICT_PROTOTYPES = YES;
				CLANG_WARN_SUSPICIOUS_MOVE = YES;
				CLANG_WARN_UNGUARDED_AVAILABILITY = YES_AGGRESSIVE;
				CLANG_WARN_UNREACHABLE_CODE = YES;
				CLANG_WARN__DUPLICATE_METHOD_MATCH = YES;
				COPY_PHASE_STRIP = NO;
				DEBUG_INFORMATION_FORMAT = dwarf;
				ENABLE_STRICT_OBJC_MSGSEND = YES;
				ENABLE_TESTABILITY = YES;
				GCC_C_LANGUAGE_STANDARD = gnu11;
				GCC_DYNAMIC_NO_PIC = NO;
				GCC_NO_COMMON_BLOCKS = YES;
				GCC_OPTIMIZATION_LEVEL = 0;
				GCC_PREPROCESSOR_DEFINITIONS = (
					"DEBUG=1",
					"$(inherited)",
				);
				GCC_WARN_64_TO_32_BIT_CONVERSION = YES;
				GCC_WARN_ABOUT_RETURN_TYPE = YES_ERROR;
				GCC_WARN_UNDECLARED_SELECTOR = YES;
				GCC_WARN_UNINITIALIZED_AUTOS = YES_AGGRESSIVE;
				GCC_WARN_UNUSED_FUNCTION = YES;
				GCC_WARN_UNUSED_VARIABLE = YES;
				MTL_ENABLE_DEBUG_INFO = INCLUDE_SOURCE;
				MTL_FAST_MATH = YES;
				ONLY_ACTIVE_ARCH = YES;
				SWIFT_ACTIVE_COMPILATION_CONDITIONS = DEBUG;
				SWIFT_OPTIMIZATION_LEVEL = "-Onone";
			};
			name = Debug;
		};
		65971C8028785F6D00C7052C /* Release */ = {
			isa = XCBuildConfiguration;
			buildSettings = {
				ALWAYS_SEARCH_USER_PATHS = NO;
				CLANG_ANALYZER_NONNULL = YES;
				CLANG_ANALYZER_NUMBER_OBJECT_CONVERSION = YES_AGGRESSIVE;
				CLANG_CXX_LANGUAGE_STANDARD = "gnu++17";
				CLANG_ENABLE_MODULES = YES;
				CLANG_ENABLE_OBJC_ARC = YES;
				CLANG_ENABLE_OBJC_WEAK = YES;
				CLANG_WARN_BLOCK_CAPTURE_AUTORELEASING = YES;
				CLANG_WARN_BOOL_CONVERSION = YES;
				CLANG_WARN_COMMA = YES;
				CLANG_WARN_CONSTANT_CONVERSION = YES;
				CLANG_WARN_DEPRECATED_OBJC_IMPLEMENTATIONS = YES;
				CLANG_WARN_DIRECT_OBJC_ISA_USAGE = YES_ERROR;
				CLANG_WARN_DOCUMENTATION_COMMENTS = YES;
				CLANG_WARN_EMPTY_BODY = YES;
				CLANG_WARN_ENUM_CONVERSION = YES;
				CLANG_WARN_INFINITE_RECURSION = YES;
				CLANG_WARN_INT_CONVERSION = YES;
				CLANG_WARN_NON_LITERAL_NULL_CONVERSION = YES;
				CLANG_WARN_OBJC_IMPLICIT_RETAIN_SELF = YES;
				CLANG_WARN_OBJC_LITERAL_CONVERSION = YES;
				CLANG_WARN_OBJC_ROOT_CLASS = YES_ERROR;
				CLANG_WARN_QUOTED_INCLUDE_IN_FRAMEWORK_HEADER = YES;
				CLANG_WARN_RANGE_LOOP_ANALYSIS = YES;
				CLANG_WARN_STRICT_PROTOTYPES = YES;
				CLANG_WARN_SUSPICIOUS_MOVE = YES;
				CLANG_WARN_UNGUARDED_AVAILABILITY = YES_AGGRESSIVE;
				CLANG_WARN_UNREACHABLE_CODE = YES;
				CLANG_WARN__DUPLICATE_METHOD_MATCH = YES;
				COPY_PHASE_STRIP = NO;
				DEBUG_INFORMATION_FORMAT = "dwarf-with-dsym";
				ENABLE_NS_ASSERTIONS = NO;
				ENABLE_STRICT_OBJC_MSGSEND = YES;
				GCC_C_LANGUAGE_STANDARD = gnu11;
				GCC_NO_COMMON_BLOCKS = YES;
				GCC_WARN_64_TO_32_BIT_CONVERSION = YES;
				GCC_WARN_ABOUT_RETURN_TYPE = YES_ERROR;
				GCC_WARN_UNDECLARED_SELECTOR = YES;
				GCC_WARN_UNINITIALIZED_AUTOS = YES_AGGRESSIVE;
				GCC_WARN_UNUSED_FUNCTION = YES;
				GCC_WARN_UNUSED_VARIABLE = YES;
				MTL_ENABLE_DEBUG_INFO = NO;
				MTL_FAST_MATH = YES;
				SWIFT_COMPILATION_MODE = wholemodule;
				SWIFT_OPTIMIZATION_LEVEL = "-O";
			};
			name = Release;
		};
		65971C8228785F6D00C7052C /* Debug */ = {
			isa = XCBuildConfiguration;
			buildSettings = {
				ASSETCATALOG_COMPILER_APPICON_NAME = AppIcon;
				ASSETCATALOG_COMPILER_GLOBAL_ACCENT_COLOR_NAME = AccentColor;
				CODE_SIGN_STYLE = Automatic;
				CURRENT_PROJECT_VERSION = 1;
				DEVELOPMENT_TEAM = 2MVA5M5QWN;
				ENABLE_PREVIEWS = YES;
				GENERATE_INFOPLIST_FILE = YES;
				INFOPLIST_KEY_UIApplicationSceneManifest_Generation = YES;
				INFOPLIST_KEY_UIApplicationSupportsIndirectInputEvents = YES;
				INFOPLIST_KEY_UILaunchScreen_Generation = YES;
				INFOPLIST_KEY_UISupportedInterfaceOrientations_iPad = "UIInterfaceOrientationPortrait UIInterfaceOrientationPortraitUpsideDown UIInterfaceOrientationLandscapeLeft UIInterfaceOrientationLandscapeRight";
				INFOPLIST_KEY_UISupportedInterfaceOrientations_iPhone = "UIInterfaceOrientationPortrait UIInterfaceOrientationLandscapeLeft UIInterfaceOrientationLandscapeRight";
				IPHONEOS_DEPLOYMENT_TARGET = 15.4;
				LD_RUNPATH_SEARCH_PATHS = (
					"$(inherited)",
					"@executable_path/Frameworks",
				);
				MARKETING_VERSION = 1.0;
				PRODUCT_BUNDLE_IDENTIFIER = Sonokmoo.SONMemo;
				PRODUCT_NAME = SONMemo;
				SDKROOT = iphoneos;
				SWIFT_EMIT_LOC_STRINGS = YES;
				SWIFT_VERSION = 5.0;
				TARGETED_DEVICE_FAMILY = "1,2";
			};
			name = Debug;
		};
		65971C8328785F6D00C7052C /* Release */ = {
			isa = XCBuildConfiguration;
			buildSettings = {
				ASSETCATALOG_COMPILER_APPICON_NAME = AppIcon;
				ASSETCATALOG_COMPILER_GLOBAL_ACCENT_COLOR_NAME = AccentColor;
				CODE_SIGN_STYLE = Automatic;
				CURRENT_PROJECT_VERSION = 1;
				DEVELOPMENT_TEAM = 2MVA5M5QWN;
				ENABLE_PREVIEWS = YES;
				GENERATE_INFOPLIST_FILE = YES;
				INFOPLIST_KEY_UIApplicationSceneManifest_Generation = YES;
				INFOPLIST_KEY_UIApplicationSupportsIndirectInputEvents = YES;
				INFOPLIST_KEY_UILaunchScreen_Generation = YES;
				INFOPLIST_KEY_UISupportedInterfaceOrientations_iPad = "UIInterfaceOrientationPortrait UIInterfaceOrientationPortraitUpsideDown UIInterfaceOrientationLandscapeLeft UIInterfaceOrientationLandscapeRight";
				INFOPLIST_KEY_UISupportedInterfaceOrientations_iPhone = "UIInterfaceOrientationPortrait UIInterfaceOrientationLandscapeLeft UIInterfaceOrientationLandscapeRight";
				IPHONEOS_DEPLOYMENT_TARGET = 15.4;
				LD_RUNPATH_SEARCH_PATHS = (
					"$(inherited)",
					"@executable_path/Frameworks",
				);
				MARKETING_VERSION = 1.0;
				PRODUCT_BUNDLE_IDENTIFIER = Sonokmoo.SONMemo;
				PRODUCT_NAME = SONMemo;
				SDKROOT = iphoneos;
				SWIFT_EMIT_LOC_STRINGS = YES;
				SWIFT_VERSION = 5.0;
				TARGETED_DEVICE_FAMILY = "1,2";
				VALIDATE_PRODUCT = YES;
			};
			name = Release;
		};
		65971C8528785F6D00C7052C /* Debug */ = {
			isa = XCBuildConfiguration;
			buildSettings = {
				ASSETCATALOG_COMPILER_APPICON_NAME = AppIcon;
				ASSETCATALOG_COMPILER_GLOBAL_ACCENT_COLOR_NAME = AccentColor;
				CODE_SIGN_ENTITLEMENTS = macOS/macOS.entitlements;
				CODE_SIGN_STYLE = Automatic;
				COMBINE_HIDPI_IMAGES = YES;
				CURRENT_PROJECT_VERSION = 1;
				DEVELOPMENT_TEAM = 2MVA5M5QWN;
				ENABLE_HARDENED_RUNTIME = YES;
				ENABLE_PREVIEWS = YES;
				GENERATE_INFOPLIST_FILE = YES;
				INFOPLIST_KEY_NSHumanReadableCopyright = "";
				LD_RUNPATH_SEARCH_PATHS = (
					"$(inherited)",
					"@executable_path/../Frameworks",
				);
				MACOSX_DEPLOYMENT_TARGET = 12.3;
				MARKETING_VERSION = 1.0;
				PRODUCT_BUNDLE_IDENTIFIER = Sonokmoo.SONMemo;
				PRODUCT_NAME = SONMemo;
				SDKROOT = macosx;
				SWIFT_EMIT_LOC_STRINGS = YES;
				SWIFT_VERSION = 5.0;
			};
			name = Debug;
		};
		65971C8628785F6D00C7052C /* Release */ = {
			isa = XCBuildConfiguration;
			buildSettings = {
				ASSETCATALOG_COMPILER_APPICON_NAME = AppIcon;
				ASSETCATALOG_COMPILER_GLOBAL_ACCENT_COLOR_NAME = AccentColor;
				CODE_SIGN_ENTITLEMENTS = macOS/macOS.entitlements;
				CODE_SIGN_STYLE = Automatic;
				COMBINE_HIDPI_IMAGES = YES;
				CURRENT_PROJECT_VERSION = 1;
				DEVELOPMENT_TEAM = 2MVA5M5QWN;
				ENABLE_HARDENED_RUNTIME = YES;
				ENABLE_PREVIEWS = YES;
				GENERATE_INFOPLIST_FILE = YES;
				INFOPLIST_KEY_NSHumanReadableCopyright = "";
				LD_RUNPATH_SEARCH_PATHS = (
					"$(inherited)",
					"@executable_path/../Frameworks",
				);
				MACOSX_DEPLOYMENT_TARGET = 12.3;
				MARKETING_VERSION = 1.0;
				PRODUCT_BUNDLE_IDENTIFIER = Sonokmoo.SONMemo;
				PRODUCT_NAME = SONMemo;
				SDKROOT = macosx;
				SWIFT_EMIT_LOC_STRINGS = YES;
				SWIFT_VERSION = 5.0;
			};
			name = Release;
		};
/* End XCBuildConfiguration section */

/* Begin XCConfigurationList section */
		65971C6028785F6900C7052C /* Build configuration list for PBXProject "SONMemo" */ = {
			isa = XCConfigurationList;
			buildConfigurations = (
				65971C7F28785F6D00C7052C /* Debug */,
				65971C8028785F6D00C7052C /* Release */,
			);
			defaultConfigurationIsVisible = 0;
			defaultConfigurationName = Release;
		};
		65971C8128785F6D00C7052C /* Build configuration list for PBXNativeTarget "SONMemo (iOS)" */ = {
			isa = XCConfigurationList;
			buildConfigurations = (
				65971C8228785F6D00C7052C /* Debug */,
				65971C8328785F6D00C7052C /* Release */,
			);
			defaultConfigurationIsVisible = 0;
			defaultConfigurationName = Release;
		};
		65971C8428785F6D00C7052C /* Build configuration list for PBXNativeTarget "SONMemo (macOS)" */ = {
			isa = XCConfigurationList;
			buildConfigurations = (
				65971C8528785F6D00C7052C /* Debug */,
				65971C8628785F6D00C7052C /* Release */,
			);
			defaultConfigurationIsVisible = 0;
			defaultConfigurationName = Release;
		};
/* End XCConfigurationList section */

/* Begin XCVersionGroup section */
		65971C6228785F6900C7052C /* SONMemo.xcdatamodeld */ = {
			isa = XCVersionGroup;
			children = (
				65971C6328785F6900C7052C /* Shared.xcdatamodel */,
			);
			currentVersion = 65971C6328785F6900C7052C /* Shared.xcdatamodel */;
			path = SONMemo.xcdatamodeld;
			sourceTree = "<group>";
			versionGroupType = wrapper.xcdatamodel;
		};
/* End XCVersionGroup section */
	};
	rootObject = 65971C5D28785F6900C7052C /* Project object */;
}
